
Microsoft Visual Studio Solution File, Format Version 11.00
# Visual C# Express 2010
Project("{FAE04EC0-301F-11D3-BF4B-00C04F79EFBC}") = "microKitchen", "microKitchen\microKitchen.csproj", "{FB060583-5510-423B-B4AA-08D0C10D4A22}"
EndProject
Global
	GlobalSection(SolutionConfigurationPlatforms) = preSolution
		Debug|Any CPU = Debug|Any CPU
		Release|Any CPU = Release|Any CPU
	EndGlobalSection
	GlobalSection(ProjectConfigurationPlatforms) = postSolution
		{FB060583-5510-423B-B4AA-08D0C10D4A22}.Debug|Any CPU.ActiveCfg = Debug|Any CPU
		{FB060583-5510-423B-B4AA-08D0C10D4A22}.Debug|Any CPU.Build.0 = Debug|Any CPU
		{FB060583-5510-423B-B4AA-08D0C10D4A22}.Debug|Any CPU.Deploy.0 = Debug|Any CPU
		{FB060583-5510-423B-B4AA-08D0C10D4A22}.Release|Any CPU.ActiveCfg = Release|Any CPU
		{FB060583-5510-423B-B4AA-08D0C10D4A22}.Release|Any CPU.Build.0 = Release|Any CPU
		{FB060583-5510-423B-B4AA-08D0C10D4A22}.Release|Any CPU.Deploy.0 = Release|Any CPU
	EndGlobalSection
	GlobalSection(SolutionProperties) = preSolution
		HideSolutionNode = FALSE
	EndGlobalSection
EndGlobal
